
Microsoft Visual Studio Solution File, Format Version 12.00
# Visual Studio Version 17
VisualStudioVersion = 17.10.34928.147
MinimumVisualStudioVersion = 10.0.40219.1
Project("{9A19103F-16F7-4668-BE54-9A1E7A4F7556}") = "ConvertCodePageToUTF16", "ConvertCodePageToUTF16.csproj", "{20EF804D-0294-4B97-AE69-0BC76FE280B2}"
EndProject
Project("{9A19103F-16F7-4668-BE54-9A1E7A4F7556}") = "OllamaAPI", "..\RCTranslator\OllamaAPI\OllamaAPI.csproj", "{75D09033-8AC1-400E-BD85-613E61C51583}"
EndProject
Global
	GlobalSection(SolutionConfigurationPlatforms) = preSolution
		Debug|Any CPU = Debug|Any CPU
		Release|Any CPU = Release|Any CPU
	EndGlobalSection
	GlobalSection(ProjectConfigurationPlatforms) = postSolution
		{20EF804D-0294-4B97-AE69-0BC76FE280B2}.Debug|Any CPU.ActiveCfg = Debug|Any CPU
		{20EF804D-0294-4B97-AE69-0BC76FE280B2}.Debug|Any CPU.Build.0 = Debug|Any CPU
		{20EF804D-0294-4B97-AE69-0BC76FE280B2}.Release|Any CPU.ActiveCfg = Release|Any CPU
		{20EF804D-0294-4B97-AE69-0BC76FE280B2}.Release|Any CPU.Build.0 = Release|Any CPU
		{75D09033-8AC1-400E-BD85-613E61C51583}.Debug|Any CPU.ActiveCfg = Debug|Any CPU
		{75D09033-8AC1-400E-BD85-613E61C51583}.Debug|Any CPU.Build.0 = Debug|Any CPU
		{75D09033-8AC1-400E-BD85-613E61C51583}.Release|Any CPU.ActiveCfg = Release|Any CPU
		{75D09033-8AC1-400E-BD85-613E61C51583}.Release|Any CPU.Build.0 = Release|Any CPU
	EndGlobalSection
	GlobalSection(SolutionProperties) = preSolution
		HideSolutionNode = FALSE
	EndGlobalSection
	GlobalSection(ExtensibilityGlobals) = postSolution
		SolutionGuid = {BC7B71EE-F954-47F7-A488-B62EF5B02F01}
	EndGlobalSection
EndGlobal
